
Microsoft Visual Studio Solution File, Format Version 12.00
# Visual Studio Version 16
VisualStudioVersion = 16.0.31729.503
MinimumVisualStudioVersion = 10.0.40219.1
Project("{FAE04EC0-301F-11D3-BF4B-00C04F79EFBC}") = "T01. Fruit Market", "T01. Fruit Market\T01. Fruit Market.csproj", "{2679AD64-A632-49D7-944C-4A4E81E9BAFE}"
EndProject
Project("{FAE04EC0-301F-11D3-BF4B-00C04F79EFBC}") = "T02. Safari", "T02. Safari\T02. Safari.csproj", "{37B89F1F-AAC4-46D8-81BC-8328E3C382C4}"
EndProject
Project("{FAE04EC0-301F-11D3-BF4B-00C04F79EFBC}") = "T03. Mobile operator", "T03. Mobile operator\T03. Mobile operator.csproj", "{A7A1928C-05A6-44CA-9245-DF2DA030F0D7}"
EndProject
Global
	GlobalSection(SolutionConfigurationPlatforms) = preSolution
		Debug|Any CPU = Debug|Any CPU
		Release|Any CPU = Release|Any CPU
	EndGlobalSection
	GlobalSection(ProjectConfigurationPlatforms) = postSolution
		{2679AD64-A632-49D7-944C-4A4E81E9BAFE}.Debug|Any CPU.ActiveCfg = Debug|Any CPU
		{2679AD64-A632-49D7-944C-4A4E81E9BAFE}.Debug|Any CPU.Build.0 = Debug|Any CPU
		{2679AD64-A632-49D7-944C-4A4E81E9BAFE}.Release|Any CPU.ActiveCfg = Release|Any CPU
		{2679AD64-A632-49D7-944C-4A4E81E9BAFE}.Release|Any CPU.Build.0 = Release|Any CPU
		{37B89F1F-AAC4-46D8-81BC-8328E3C382C4}.Debug|Any CPU.ActiveCfg = Debug|Any CPU
		{37B89F1F-AAC4-46D8-81BC-8328E3C382C4}.Debug|Any CPU.Build.0 = Debug|Any CPU
		{37B89F1F-AAC4-46D8-81BC-8328E3C382C4}.Release|Any CPU.ActiveCfg = Release|Any CPU
		{37B89F1F-AAC4-46D8-81BC-8328E3C382C4}.Release|Any CPU.Build.0 = Release|Any CPU
		{A7A1928C-05A6-44CA-9245-DF2DA030F0D7}.Debug|Any CPU.ActiveCfg = Debug|Any CPU
		{A7A1928C-05A6-44CA-9245-DF2DA030F0D7}.Debug|Any CPU.Build.0 = Debug|Any CPU
		{A7A1928C-05A6-44CA-9245-DF2DA030F0D7}.Release|Any CPU.ActiveCfg = Release|Any CPU
		{A7A1928C-05A6-44CA-9245-DF2DA030F0D7}.Release|Any CPU.Build.0 = Release|Any CPU
	EndGlobalSection
	GlobalSection(SolutionProperties) = preSolution
		HideSolutionNode = FALSE
	EndGlobalSection
	GlobalSection(ExtensibilityGlobals) = postSolution
		SolutionGuid = {5E5EF7BA-5817-4C24-81D3-7E6AC17E9B90}
	EndGlobalSection
EndGlobal
